{
    "name": "natively-audio",
    "version": "0.1.0",
    "lockfileVersion": 3,
    "requires": true,
    "packages": {
        "": {
            "name": "natively-audio",
            "version": "0.1.0",
            "devDependencies": {
                "@napi-rs/cli": "^2.18.4"
            }
        },
        "node_modules/@napi-rs/cli": {
            "version": "2.18.4",
            "dev": true,
            "license": "MIT",
            "bin": {
                "napi": "scripts/index.js"
            },
            "engines": {
                "node": ">= 10"
            },
            "funding": {
                "type": "github",
                "url": "https://github.com/sponsors/Brooooooklyn"
            }
        }
    }
}
